PATH
  remote: .
  specs:
    tf2_line_parser (0.5.0)

GEM
  remote: https://rubygems.org/
  specs:
    bigdecimal (4.0.1)
    coveralls_reborn (0.29.0)
      simplecov (~> 0.22.0)
      term-ansicolor (~> 1.7)
      thor (~> 1.2)
      tins (~> 1.32)
    diff-lcs (1.6.2)
    docile (1.4.1)
    io-console (0.8.2)
    json (2.18.0)
    mize (0.6.1)
    readline (0.0.4)
      reline
    reline (0.6.3)
      io-console (~> 0.5)
    rspec (3.13.2)
      rspec-core (~> 3.13.0)
      rspec-expectations (~> 3.13.0)
      rspec-mocks (~> 3.13.0)
    rspec-core (3.13.6)
      rspec-support (~> 3.13.0)
    rspec-expectations (3.13.5)
      diff-lcs (>= 1.2.0, < 2.0)
      rspec-support (~> 3.13.0)
    rspec-mocks (3.13.7)
      diff-lcs (>= 1.2.0, < 2.0)
      rspec-support (~> 3.13.0)
    rspec-support (3.13.6)
    simplecov (0.22.0)
      docile (~> 1.1)
      simplecov-html (~> 0.11)
      simplecov_json_formatter (~> 0.1)
    simplecov-html (0.13.2)
    simplecov_json_formatter (0.1.4)
    sync (0.5.0)
    term-ansicolor (1.11.3)
      tins (~> 1)
    thor (1.4.0)
    tins (1.51.0)
      bigdecimal
      mize (~> 0.6)
      readline
      sync

PLATFORMS
  ruby

DEPENDENCIES
  coveralls_reborn
  json
  rspec
  simplecov
  tf2_line_parser!

BUNDLED WITH
   2.3.16
